
Microsoft Visual Studio Solution File, Format Version 11.00
# Visual Studio 2010
Project("{FAE04EC0-301F-11D3-BF4B-00C04F79EFBC}") = "Assembly-CSharp", "Assembly-CSharp.csproj", "{FB7AD29A-D30A-3582-3240-FEE428A2876D}"
EndProject
Global
	GlobalSection(SolutionConfigurationPlatforms) = preSolution
		Debug|Any CPU = Debug|Any CPU
		Release|Any CPU = Release|Any CPU
	EndGlobalSection
	GlobalSection(ProjectConfigurationPlatforms) = postSolution
		{FB7AD29A-D30A-3582-3240-FEE428A2876D}.Debug|Any CPU.ActiveCfg = Debug|Any CPU
		{FB7AD29A-D30A-3582-3240-FEE428A2876D}.Debug|Any CPU.Build.0 = Debug|Any CPU
		{FB7AD29A-D30A-3582-3240-FEE428A2876D}.Release|Any CPU.ActiveCfg = Release|Any CPU
		{FB7AD29A-D30A-3582-3240-FEE428A2876D}.Release|Any CPU.Build.0 = Release|Any CPU
	EndGlobalSection
	GlobalSection(SolutionProperties) = preSolution
		HideSolutionNode = FALSE
	EndGlobalSection
	GlobalSection(MonoDevelopProperties) = preSolution
		StartupItem = Assembly-CSharp.csproj
	EndGlobalSection
EndGlobal
